
Microsoft Visual Studio Solution File, Format Version 12.00
# Visual Studio Version 16
VisualStudioVersion = 16.0.30611.23
MinimumVisualStudioVersion = 10.0.40219.1
Project("{FAE04EC0-301F-11D3-BF4B-00C04F79EFBC}") = "ZoologyApp2", "ZoologyApp2\ZoologyApp2.csproj", "{F2E4D897-4A2B-4ADA-A434-B48E02CA95AB}"
EndProject
Global
	GlobalSection(SolutionConfigurationPlatforms) = preSolution
		Debug|Any CPU = Debug|Any CPU
		Release|Any CPU = Release|Any CPU
	EndGlobalSection
	GlobalSection(ProjectConfigurationPlatforms) = postSolution
		{F2E4D897-4A2B-4ADA-A434-B48E02CA95AB}.Debug|Any CPU.ActiveCfg = Debug|Any CPU
		{F2E4D897-4A2B-4ADA-A434-B48E02CA95AB}.Debug|Any CPU.Build.0 = Debug|Any CPU
		{F2E4D897-4A2B-4ADA-A434-B48E02CA95AB}.Release|Any CPU.ActiveCfg = Release|Any CPU
		{F2E4D897-4A2B-4ADA-A434-B48E02CA95AB}.Release|Any CPU.Build.0 = Release|Any CPU
	EndGlobalSection
	GlobalSection(SolutionProperties) = preSolution
		HideSolutionNode = FALSE
	EndGlobalSection
	GlobalSection(ExtensibilityGlobals) = postSolution
		SolutionGuid = {2CEC2C04-8557-4617-A1AB-DCA2A93559FB}
	EndGlobalSection
EndGlobal
